// !$*UTF8*$!
{
	archiveVersion = 1;
	classes = {
	};
	objectVersion = 52;
	objects = {

/* Begin PBXBuildFile section */
		8E3C5BE42898627300A35B70 /* RPEmptyView.swift in Sources */ = {isa = PBXBuildFile; fileRef = 8E3C5BE32898627200A35B70 /* RPEmptyView.swift */; };
		8E595AD928A2ED8700B03421 /* SearchView.swift in Sources */ = {isa = PBXBuildFile; fileRef = 8E595AD828A2ED8700B03421 /* SearchView.swift */; };
		8E595ADB28A2EDAC00B03421 /* SearchController.swift in Sources */ = {isa = PBXBuildFile; fileRef = 8E595ADA28A2EDAC00B03421 /* SearchController.swift */; };
		8E595ADD28A424C400B03421 /* RepositoryErrorState.swift in Sources */ = {isa = PBXBuildFile; fileRef = 8E595ADC28A424C400B03421 /* RepositoryErrorState.swift */; };
		8E595AE128A4258400B03421 /* Endpoint.swift in Sources */ = {isa = PBXBuildFile; fileRef = 8E595AE028A4258400B03421 /* Endpoint.swift */; };
		8E595AE328A4306300B03421 /* ApiEndpoints.swift in Sources */ = {isa = PBXBuildFile; fileRef = 8E595AE228A4306300B03421 /* ApiEndpoints.swift */; };
		8E595AE828A560AF00B03421 /* RPErrorView.swift in Sources */ = {isa = PBXBuildFile; fileRef = 8E595AE728A560AF00B03421 /* RPErrorView.swift */; };
		8E628EFE29B78934004B0B80 /* RxCocoa in Frameworks */ = {isa = PBXBuildFile; productRef = 8E628EFD29B78934004B0B80 /* RxCocoa */; };
		8E628F0029B78934004B0B80 /* RxRelay in Frameworks */ = {isa = PBXBuildFile; productRef = 8E628EFF29B78934004B0B80 /* RxRelay */; };
		8E628F0229B78934004B0B80 /* RxSwift in Frameworks */ = {isa = PBXBuildFile; productRef = 8E628F0129B78934004B0B80 /* RxSwift */; };
		8E628F0529B7894C004B0B80 /* TinyConstraints in Frameworks */ = {isa = PBXBuildFile; productRef = 8E628F0429B7894C004B0B80 /* TinyConstraints */; };
		8E628F0829B7895D004B0B80 /* Kingfisher in Frameworks */ = {isa = PBXBuildFile; productRef = 8E628F0729B7895D004B0B80 /* Kingfisher */; };
		8E628F0B29B789AA004B0B80 /* ApiClientProtocol.swift in Sources */ = {isa = PBXBuildFile; fileRef = 8E628F0A29B789AA004B0B80 /* ApiClientProtocol.swift */; };
		8E628F0D29B78A3F004B0B80 /* RPClient.swift in Sources */ = {isa = PBXBuildFile; fileRef = 8E628F0C29B78A3F004B0B80 /* RPClient.swift */; };
		8E628F1029B78CDA004B0B80 /* RPService.swift in Sources */ = {isa = PBXBuildFile; fileRef = 8E628F0F29B78CDA004B0B80 /* RPService.swift */; };
		8E628F2029B7A772004B0B80 /* PopularRepositoriesViewModel.swift in Sources */ = {isa = PBXBuildFile; fileRef = 8E628F1F29B7A772004B0B80 /* PopularRepositoriesViewModel.swift */; };
		8E628F2329B7B2AE004B0B80 /* CoordinatorProtocol.swift in Sources */ = {isa = PBXBuildFile; fileRef = 8E628F2229B7B2AE004B0B80 /* CoordinatorProtocol.swift */; };
		8E628F2529B7B2BF004B0B80 /* AppCoordinator.swift in Sources */ = {isa = PBXBuildFile; fileRef = 8E628F2429B7B2BF004B0B80 /* AppCoordinator.swift */; };
		8E628F2829B7C2EC004B0B80 /* String+Ext.swift in Sources */ = {isa = PBXBuildFile; fileRef = 8E628F2729B7C2EC004B0B80 /* String+Ext.swift */; };
		8E628F2B29B7C678004B0B80 /* PullRequestsViewModel.swift in Sources */ = {isa = PBXBuildFile; fileRef = 8E628F2A29B7C678004B0B80 /* PullRequestsViewModel.swift */; };
		8E628F2E29B7E04C004B0B80 /* SearchViewModel.swift in Sources */ = {isa = PBXBuildFile; fileRef = 8E628F2D29B7E04C004B0B80 /* SearchViewModel.swift */; };
		8E628F3129B7FABD004B0B80 /* AppColors.swift in Sources */ = {isa = PBXBuildFile; fileRef = 8E628F3029B7FABD004B0B80 /* AppColors.swift */; };
		8E628F3329B8D326004B0B80 /* TextSize.swift in Sources */ = {isa = PBXBuildFile; fileRef = 8E628F3229B8D325004B0B80 /* TextSize.swift */; };
		8E628F3529B8D399004B0B80 /* Fonts.swift in Sources */ = {isa = PBXBuildFile; fileRef = 8E628F3429B8D399004B0B80 /* Fonts.swift */; };
		8E628F3729B8D49C004B0B80 /* Spacing.swift in Sources */ = {isa = PBXBuildFile; fileRef = 8E628F3629B8D49C004B0B80 /* Spacing.swift */; };
		8E628F3B29B8FB66004B0B80 /* CascadeOperator.swift in Sources */ = {isa = PBXBuildFile; fileRef = 8E628F3A29B8FB66004B0B80 /* CascadeOperator.swift */; };
		8E628F3F29B9289A004B0B80 /* RPShadowView.swift in Sources */ = {isa = PBXBuildFile; fileRef = 8E628F3E29B92899004B0B80 /* RPShadowView.swift */; };
		8E628F4129B93B68004B0B80 /* RPButton.swift in Sources */ = {isa = PBXBuildFile; fileRef = 8E628F4029B93B68004B0B80 /* RPButton.swift */; };
		8E628F4329BB9E5A004B0B80 /* RPDetailsRow.swift in Sources */ = {isa = PBXBuildFile; fileRef = 8E628F4229BB9E5A004B0B80 /* RPDetailsRow.swift */; };
		8E678BCF288ED95200220F2C /* AppDelegate.swift in Sources */ = {isa = PBXBuildFile; fileRef = 8E678BCE288ED95200220F2C /* AppDelegate.swift */; };
		8E678BD1288ED95200220F2C /* SceneDelegate.swift in Sources */ = {isa = PBXBuildFile; fileRef = 8E678BD0288ED95200220F2C /* SceneDelegate.swift */; };
		8E678BD3288ED95200220F2C /* PopularRepositoresViewController.swift in Sources */ = {isa = PBXBuildFile; fileRef = 8E678BD2288ED95200220F2C /* PopularRepositoresViewController.swift */; };
		8E678BD8288ED95700220F2C /* Assets.xcassets in Resources */ = {isa = PBXBuildFile; fileRef = 8E678BD7288ED95700220F2C /* Assets.xcassets */; };
		8E678BDB288ED95700220F2C /* LaunchScreen.storyboard in Resources */ = {isa = PBXBuildFile; fileRef = 8E678BD9288ED95700220F2C /* LaunchScreen.storyboard */; };
		8E678BE9288EE40D00220F2C /* PopularRepositoriesView.swift in Sources */ = {isa = PBXBuildFile; fileRef = 8E678BE8288EE40D00220F2C /* PopularRepositoriesView.swift */; };
		8E678BEC288EE44400220F2C /* PopularRepositoriesCell.swift in Sources */ = {isa = PBXBuildFile; fileRef = 8E678BEB288EE44400220F2C /* PopularRepositoriesCell.swift */; };
		8E678BF2288F211600220F2C /* Repository.swift in Sources */ = {isa = PBXBuildFile; fileRef = 8E678BF1288F211600220F2C /* Repository.swift */; };
		8EB4967028AD093C007FC771 /* RPView.swift in Sources */ = {isa = PBXBuildFile; fileRef = 8EB4966F28AD093C007FC771 /* RPView.swift */; };
		8EB59D2628917BB10033A4E7 /* PullRequestsViewController.swift in Sources */ = {isa = PBXBuildFile; fileRef = 8EB59D2528917BB10033A4E7 /* PullRequestsViewController.swift */; };
		8EB59D2828917BEA0033A4E7 /* PullRequestsView.swift in Sources */ = {isa = PBXBuildFile; fileRef = 8EB59D2728917BEA0033A4E7 /* PullRequestsView.swift */; };
		8EB59D2A28917C040033A4E7 /* PullRequestsCell.swift in Sources */ = {isa = PBXBuildFile; fileRef = 8EB59D2928917C040033A4E7 /* PullRequestsCell.swift */; };
		8EB59D2C2891AFBD0033A4E7 /* PullRequest.swift in Sources */ = {isa = PBXBuildFile; fileRef = 8EB59D2B2891AFBD0033A4E7 /* PullRequest.swift */; };
		8EB59D3728983CBF0033A4E7 /* RPViewController.swift in Sources */ = {isa = PBXBuildFile; fileRef = 8EB59D3628983CBF0033A4E7 /* RPViewController.swift */; };
		8EB59D3928983D260033A4E7 /* RPLoadingView.swift in Sources */ = {isa = PBXBuildFile; fileRef = 8EB59D3828983D260033A4E7 /* RPLoadingView.swift */; };
/* End PBXBuildFile section */

/* Begin PBXFileReference section */
		8E3C5BE32898627200A35B70 /* RPEmptyView.swift */ = {isa = PBXFileReference; lastKnownFileType = sourcecode.swift; path = RPEmptyView.swift; sourceTree = "<group>"; };
		8E595AD828A2ED8700B03421 /* SearchView.swift */ = {isa = PBXFileReference; lastKnownFileType = sourcecode.swift; path = SearchView.swift; sourceTree = "<group>"; };
		8E595ADA28A2EDAC00B03421 /* SearchController.swift */ = {isa = PBXFileReference; lastKnownFileType = sourcecode.swift; path = SearchController.swift; sourceTree = "<group>"; };
		8E595ADC28A424C400B03421 /* RepositoryErrorState.swift */ = {isa = PBXFileReference; lastKnownFileType = sourcecode.swift; path = RepositoryErrorState.swift; sourceTree = "<group>"; };
		8E595AE028A4258400B03421 /* Endpoint.swift */ = {isa = PBXFileReference; lastKnownFileType = sourcecode.swift; path = Endpoint.swift; sourceTree = "<group>"; };
		8E595AE228A4306300B03421 /* ApiEndpoints.swift */ = {isa = PBXFileReference; lastKnownFileType = sourcecode.swift; path = ApiEndpoints.swift; sourceTree = "<group>"; };
		8E595AE728A560AF00B03421 /* RPErrorView.swift */ = {isa = PBXFileReference; lastKnownFileType = sourcecode.swift; path = RPErrorView.swift; sourceTree = "<group>"; };
		8E628F0A29B789AA004B0B80 /* ApiClientProtocol.swift */ = {isa = PBXFileReference; lastKnownFileType = sourcecode.swift; path = ApiClientProtocol.swift; sourceTree = "<group>"; };
		8E628F0C29B78A3F004B0B80 /* RPClient.swift */ = {isa = PBXFileReference; lastKnownFileType = sourcecode.swift; path = RPClient.swift; sourceTree = "<group>"; };
		8E628F0F29B78CDA004B0B80 /* RPService.swift */ = {isa = PBXFileReference; lastKnownFileType = sourcecode.swift; path = RPService.swift; sourceTree = "<group>"; };
		8E628F1F29B7A772004B0B80 /* PopularRepositoriesViewModel.swift */ = {isa = PBXFileReference; lastKnownFileType = sourcecode.swift; path = PopularRepositoriesViewModel.swift; sourceTree = "<group>"; };
		8E628F2229B7B2AE004B0B80 /* CoordinatorProtocol.swift */ = {isa = PBXFileReference; lastKnownFileType = sourcecode.swift; path = CoordinatorProtocol.swift; sourceTree = "<group>"; };
		8E628F2429B7B2BF004B0B80 /* AppCoordinator.swift */ = {isa = PBXFileReference; lastKnownFileType = sourcecode.swift; path = AppCoordinator.swift; sourceTree = "<group>"; };
		8E628F2729B7C2EC004B0B80 /* String+Ext.swift */ = {isa = PBXFileReference; lastKnownFileType = sourcecode.swift; path = "String+Ext.swift"; sourceTree = "<group>"; };
		8E628F2A29B7C678004B0B80 /* PullRequestsViewModel.swift */ = {isa = PBXFileReference; lastKnownFileType = sourcecode.swift; path = PullRequestsViewModel.swift; sourceTree = "<group>"; };
		8E628F2D29B7E04C004B0B80 /* SearchViewModel.swift */ = {isa = PBXFileReference; lastKnownFileType = sourcecode.swift; path = SearchViewModel.swift; sourceTree = "<group>"; };
		8E628F3029B7FABD004B0B80 /* AppColors.swift */ = {isa = PBXFileReference; lastKnownFileType = sourcecode.swift; path = AppColors.swift; sourceTree = "<group>"; };
		8E628F3229B8D325004B0B80 /* TextSize.swift */ = {isa = PBXFileReference; lastKnownFileType = sourcecode.swift; path = TextSize.swift; sourceTree = "<group>"; };
		8E628F3429B8D399004B0B80 /* Fonts.swift */ = {isa = PBXFileReference; lastKnownFileType = sourcecode.swift; path = Fonts.swift; sourceTree = "<group>"; };
		8E628F3629B8D49C004B0B80 /* Spacing.swift */ = {isa = PBXFileReference; lastKnownFileType = sourcecode.swift; path = Spacing.swift; sourceTree = "<group>"; };
		8E628F3A29B8FB66004B0B80 /* CascadeOperator.swift */ = {isa = PBXFileReference; lastKnownFileType = sourcecode.swift; path = CascadeOperator.swift; sourceTree = "<group>"; };
		8E628F3E29B92899004B0B80 /* RPShadowView.swift */ = {isa = PBXFileReference; lastKnownFileType = sourcecode.swift; path = RPShadowView.swift; sourceTree = "<group>"; };
		8E628F4029B93B68004B0B80 /* RPButton.swift */ = {isa = PBXFileReference; lastKnownFileType = sourcecode.swift; path = RPButton.swift; sourceTree = "<group>"; };
		8E628F4229BB9E5A004B0B80 /* RPDetailsRow.swift */ = {isa = PBXFileReference; lastKnownFileType = sourcecode.swift; path = RPDetailsRow.swift; sourceTree = "<group>"; };
		8E678BCB288ED95200220F2C /* RepoPop.app */ = {isa = PBXFileReference; explicitFileType = wrapper.application; includeInIndex = 0; path = RepoPop.app; sourceTree = BUILT_PRODUCTS_DIR; };
		8E678BCE288ED95200220F2C /* AppDelegate.swift */ = {isa = PBXFileReference; lastKnownFileType = sourcecode.swift; path = AppDelegate.swift; sourceTree = "<group>"; };
		8E678BD0288ED95200220F2C /* SceneDelegate.swift */ = {isa = PBXFileReference; lastKnownFileType = sourcecode.swift; path = SceneDelegate.swift; sourceTree = "<group>"; };
		8E678BD2288ED95200220F2C /* PopularRepositoresViewController.swift */ = {isa = PBXFileReference; lastKnownFileType = sourcecode.swift; path = PopularRepositoresViewController.swift; sourceTree = "<group>"; };
		8E678BD7288ED95700220F2C /* Assets.xcassets */ = {isa = PBXFileReference; lastKnownFileType = folder.assetcatalog; path = Assets.xcassets; sourceTree = "<group>"; };
		8E678BDA288ED95700220F2C /* Base */ = {isa = PBXFileReference; lastKnownFileType = file.storyboard; name = Base; path = Base.lproj/LaunchScreen.storyboard; sourceTree = "<group>"; };
		8E678BDC288ED95700220F2C /* Info.plist */ = {isa = PBXFileReference; lastKnownFileType = text.plist.xml; path = Info.plist; sourceTree = "<group>"; };
		8E678BE8288EE40D00220F2C /* PopularRepositoriesView.swift */ = {isa = PBXFileReference; lastKnownFileType = sourcecode.swift; path = PopularRepositoriesView.swift; sourceTree = "<group>"; };
		8E678BEB288EE44400220F2C /* PopularRepositoriesCell.swift */ = {isa = PBXFileReference; lastKnownFileType = sourcecode.swift; path = PopularRepositoriesCell.swift; sourceTree = "<group>"; };
		8E678BF1288F211600220F2C /* Repository.swift */ = {isa = PBXFileReference; lastKnownFileType = sourcecode.swift; path = Repository.swift; sourceTree = "<group>"; };
		8EB4966F28AD093C007FC771 /* RPView.swift */ = {isa = PBXFileReference; lastKnownFileType = sourcecode.swift; path = RPView.swift; sourceTree = "<group>"; };
		8EB59D2528917BB10033A4E7 /* PullRequestsViewController.swift */ = {isa = PBXFileReference; lastKnownFileType = sourcecode.swift; path = PullRequestsViewController.swift; sourceTree = "<group>"; };
		8EB59D2728917BEA0033A4E7 /* PullRequestsView.swift */ = {isa = PBXFileReference; lastKnownFileType = sourcecode.swift; path = PullRequestsView.swift; sourceTree = "<group>"; };
		8EB59D2928917C040033A4E7 /* PullRequestsCell.swift */ = {isa = PBXFileReference; lastKnownFileType = sourcecode.swift; path = PullRequestsCell.swift; sourceTree = "<group>"; };
		8EB59D2B2891AFBD0033A4E7 /* PullRequest.swift */ = {isa = PBXFileReference; lastKnownFileType = sourcecode.swift; path = PullRequest.swift; sourceTree = "<group>"; };
		8EB59D3628983CBF0033A4E7 /* RPViewController.swift */ = {isa = PBXFileReference; lastKnownFileType = sourcecode.swift; path = RPViewController.swift; sourceTree = "<group>"; };
		8EB59D3828983D260033A4E7 /* RPLoadingView.swift */ = {isa = PBXFileReference; lastKnownFileType = sourcecode.swift; path = RPLoadingView.swift; sourceTree = "<group>"; };
/* End PBXFileReference section */

/* Begin PBXFrameworksBuildPhase section */
		8E678BC8288ED95200220F2C /* Frameworks */ = {
			isa = PBXFrameworksBuildPhase;
			buildActionMask = 2147483647;
			files = (
				8E628F0229B78934004B0B80 /* RxSwift in Frameworks */,
				8E628F0029B78934004B0B80 /* RxRelay in Frameworks */,
				8E628EFE29B78934004B0B80 /* RxCocoa in Frameworks */,
				8E628F0529B7894C004B0B80 /* TinyConstraints in Frameworks */,
				8E628F0829B7895D004B0B80 /* Kingfisher in Frameworks */,
			);
			runOnlyForDeploymentPostprocessing = 0;
		};
/* End PBXFrameworksBuildPhase section */

/* Begin PBXGroup section */
		8E01028E28B3D1D800F796D5 /* Scenes */ = {
			isa = PBXGroup;
			children = (
				8E01029128B3D23300F796D5 /* Search */,
				8E01029028B3D20F00F796D5 /* PullRequests */,
				8E01028F28B3D1ED00F796D5 /* PopularRepositories */,
			);
			path = Scenes;
			sourceTree = "<group>";
		};
		8E01028F28B3D1ED00F796D5 /* PopularRepositories */ = {
			isa = PBXGroup;
			children = (
				8E628F1E29B7A757004B0B80 /* ViewModel */,
				8E628F1829B7A6A0004B0B80 /* Views */,
			);
			path = PopularRepositories;
			sourceTree = "<group>";
		};
		8E01029028B3D20F00F796D5 /* PullRequests */ = {
			isa = PBXGroup;
			children = (
				8E628F2929B7C657004B0B80 /* ViewModel */,
				8E628F1129B78DC6004B0B80 /* Views */,
			);
			path = PullRequests;
			sourceTree = "<group>";
		};
		8E01029128B3D23300F796D5 /* Search */ = {
			isa = PBXGroup;
			children = (
				8E628F2C29B7E03E004B0B80 /* ViewModel */,
				8E628F1D29B7A6DC004B0B80 /* View */,
				8E628F1C29B7A6D1004B0B80 /* Controller */,
			);
			path = Search;
			sourceTree = "<group>";
		};
		8E595AE428A4306800B03421 /* Enums */ = {
			isa = PBXGroup;
			children = (
				8E595AE228A4306300B03421 /* ApiEndpoints.swift */,
			);
			path = Enums;
			sourceTree = "<group>";
		};
		8E628EFB29B788E4004B0B80 /* Models */ = {
			isa = PBXGroup;
			children = (
				8E678BF1288F211600220F2C /* Repository.swift */,
				8EB59D2B2891AFBD0033A4E7 /* PullRequest.swift */,
				8E595ADC28A424C400B03421 /* RepositoryErrorState.swift */,
			);
			path = Models;
			sourceTree = "<group>";
		};
		8E628F0929B78995004B0B80 /* Protocol */ = {
			isa = PBXGroup;
			children = (
				8E628F0A29B789AA004B0B80 /* ApiClientProtocol.swift */,
			);
			path = Protocol;
			sourceTree = "<group>";
		};
		8E628F1129B78DC6004B0B80 /* Views */ = {
			isa = PBXGroup;
			children = (
				8E628F1329B78DDE004B0B80 /* View */,
				8E628F1229B78DD5004B0B80 /* Controller */,
			);
			path = Views;
			sourceTree = "<group>";
		};
		8E628F1229B78DD5004B0B80 /* Controller */ = {
			isa = PBXGroup;
			children = (
				8EB59D2528917BB10033A4E7 /* PullRequestsViewController.swift */,
			);
			path = Controller;
			sourceTree = "<group>";
		};
		8E628F1329B78DDE004B0B80 /* View */ = {
			isa = PBXGroup;
			children = (
				8E628F1429B78DE9004B0B80 /* Subview */,
				8EB59D2728917BEA0033A4E7 /* PullRequestsView.swift */,
			);
			path = View;
			sourceTree = "<group>";
		};
		8E628F1429B78DE9004B0B80 /* Subview */ = {
			isa = PBXGroup;
			children = (
				8EB59D2928917C040033A4E7 /* PullRequestsCell.swift */,
			);
			path = Subview;
			sourceTree = "<group>";
		};
		8E628F1829B7A6A0004B0B80 /* Views */ = {
			isa = PBXGroup;
			children = (
				8E628F1A29B7A6B1004B0B80 /* View */,
				8E628F1929B7A6AA004B0B80 /* Controller */,
			);
			path = Views;
			sourceTree = "<group>";
		};
		8E628F1929B7A6AA004B0B80 /* Controller */ = {
			isa = PBXGroup;
			children = (
				8E678BD2288ED95200220F2C /* PopularRepositoresViewController.swift */,
			);
			path = Controller;
			sourceTree = "<group>";
		};
		8E628F1A29B7A6B1004B0B80 /* View */ = {
			isa = PBXGroup;
			children = (
				8E628F1B29B7A6B8004B0B80 /* Subview */,
				8E678BE8288EE40D00220F2C /* PopularRepositoriesView.swift */,
			);
			path = View;
			sourceTree = "<group>";
		};
		8E628F1B29B7A6B8004B0B80 /* Subview */ = {
			isa = PBXGroup;
			children = (
				8E678BEB288EE44400220F2C /* PopularRepositoriesCell.swift */,
				8E628F4229BB9E5A004B0B80 /* RPDetailsRow.swift */,
			);
			path = Subview;
			sourceTree = "<group>";
		};
		8E628F1C29B7A6D1004B0B80 /* Controller */ = {
			isa = PBXGroup;
			children = (
				8E595ADA28A2EDAC00B03421 /* SearchController.swift */,
			);
			path = Controller;
			sourceTree = "<group>";
		};
		8E628F1D29B7A6DC004B0B80 /* View */ = {
			isa = PBXGroup;
			children = (
				8E595AD828A2ED8700B03421 /* SearchView.swift */,
			);
			path = View;
			sourceTree = "<group>";
		};
		8E628F1E29B7A757004B0B80 /* ViewModel */ = {
			isa = PBXGroup;
			children = (
				8E628F1F29B7A772004B0B80 /* PopularRepositoriesViewModel.swift */,
			);
			path = ViewModel;
			sourceTree = "<group>";
		};
		8E628F2129B7B29B004B0B80 /* Coordinator */ = {
			isa = PBXGroup;
			children = (
				8E628F2229B7B2AE004B0B80 /* CoordinatorProtocol.swift */,
				8E628F2429B7B2BF004B0B80 /* AppCoordinator.swift */,
			);
			path = Coordinator;
			sourceTree = "<group>";
		};
		8E628F2629B7C2DB004B0B80 /* Extensions */ = {
			isa = PBXGroup;
			children = (
				8E628F2729B7C2EC004B0B80 /* String+Ext.swift */,
			);
			path = Extensions;
			sourceTree = "<group>";
		};
		8E628F2929B7C657004B0B80 /* ViewModel */ = {
			isa = PBXGroup;
			children = (
				8E628F2A29B7C678004B0B80 /* PullRequestsViewModel.swift */,
			);
			path = ViewModel;
			sourceTree = "<group>";
		};
		8E628F2C29B7E03E004B0B80 /* ViewModel */ = {
			isa = PBXGroup;
			children = (
				8E628F2D29B7E04C004B0B80 /* SearchViewModel.swift */,
			);
			path = ViewModel;
			sourceTree = "<group>";
		};
		8E628F2F29B7F8F3004B0B80 /* Constants */ = {
			isa = PBXGroup;
			children = (
				8E628F3029B7FABD004B0B80 /* AppColors.swift */,
				8E628F3229B8D325004B0B80 /* TextSize.swift */,
				8E628F3429B8D399004B0B80 /* Fonts.swift */,
				8E628F3629B8D49C004B0B80 /* Spacing.swift */,
			);
			path = Constants;
			sourceTree = "<group>";
		};
		8E628F3829B8FB4B004B0B80 /* Tools */ = {
			isa = PBXGroup;
			children = (
				8E628F3A29B8FB66004B0B80 /* CascadeOperator.swift */,
			);
			path = Tools;
			sourceTree = "<group>";
		};
		8E678BC2288ED95200220F2C = {
			isa = PBXGroup;
			children = (
				8E678BCD288ED95200220F2C /* RepoPop */,
				8E678BCC288ED95200220F2C /* Products */,
			);
			sourceTree = "<group>";
		};
		8E678BCC288ED95200220F2C /* Products */ = {
			isa = PBXGroup;
			children = (
				8E678BCB288ED95200220F2C /* RepoPop.app */,
			);
			name = Products;
			sourceTree = "<group>";
		};
		8E678BCD288ED95200220F2C /* RepoPop */ = {
			isa = PBXGroup;
			children = (
				8E678BED288EEA8000220F2C /* Service */,
				8E678BE4288EDA6300220F2C /* Sources */,
				8E678BE3288EDA0C00220F2C /* Config */,
				8E678BE2288ED9E200220F2C /* Resources */,
				8E678BDC288ED95700220F2C /* Info.plist */,
			);
			path = RepoPop;
			sourceTree = "<group>";
		};
		8E678BE2288ED9E200220F2C /* Resources */ = {
			isa = PBXGroup;
			children = (
				8E678BD7288ED95700220F2C /* Assets.xcassets */,
			);
			path = Resources;
			sourceTree = "<group>";
		};
		8E678BE3288EDA0C00220F2C /* Config */ = {
			isa = PBXGroup;
			children = (
				8E678BCE288ED95200220F2C /* AppDelegate.swift */,
				8E678BD9288ED95700220F2C /* LaunchScreen.storyboard */,
				8E678BD0288ED95200220F2C /* SceneDelegate.swift */,
			);
			path = Config;
			sourceTree = "<group>";
		};
		8E678BE4288EDA6300220F2C /* Sources */ = {
			isa = PBXGroup;
			children = (
				8E628F2129B7B29B004B0B80 /* Coordinator */,
				8E678BF0288F210000220F2C /* Common */,
				8E678BE5288EDA7400220F2C /* Presentation */,
			);
			path = Sources;
			sourceTree = "<group>";
		};
		8E678BE5288EDA7400220F2C /* Presentation */ = {
			isa = PBXGroup;
			children = (
				8E01028E28B3D1D800F796D5 /* Scenes */,
			);
			path = Presentation;
			sourceTree = "<group>";
		};
		8E678BED288EEA8000220F2C /* Service */ = {
			isa = PBXGroup;
			children = (
				8E628F0929B78995004B0B80 /* Protocol */,
				8E628EFB29B788E4004B0B80 /* Models */,
				8E595AE428A4306800B03421 /* Enums */,
				8E595AE028A4258400B03421 /* Endpoint.swift */,
				8E628F0C29B78A3F004B0B80 /* RPClient.swift */,
				8E628F0F29B78CDA004B0B80 /* RPService.swift */,
			);
			path = Service;
			sourceTree = "<group>";
		};
		8E678BF0288F210000220F2C /* Common */ = {
			isa = PBXGroup;
			children = (
				8E628F3829B8FB4B004B0B80 /* Tools */,
				8E628F2F29B7F8F3004B0B80 /* Constants */,
				8E628F2629B7C2DB004B0B80 /* Extensions */,
				8EB59D3528983CA60033A4E7 /* Components */,
			);
			path = Common;
			sourceTree = "<group>";
		};
		8EB59D3528983CA60033A4E7 /* Components */ = {
			isa = PBXGroup;
			children = (
				8EB59D3628983CBF0033A4E7 /* RPViewController.swift */,
				8E3C5BE32898627200A35B70 /* RPEmptyView.swift */,
				8EB59D3828983D260033A4E7 /* RPLoadingView.swift */,
				8E595AE728A560AF00B03421 /* RPErrorView.swift */,
				8EB4966F28AD093C007FC771 /* RPView.swift */,
				8E628F3E29B92899004B0B80 /* RPShadowView.swift */,
				8E628F4029B93B68004B0B80 /* RPButton.swift */,
			);
			path = Components;
			sourceTree = "<group>";
		};
/* End PBXGroup section */

/* Begin PBXNativeTarget section */
		8E678BCA288ED95200220F2C /* RepoPop */ = {
			isa = PBXNativeTarget;
			buildConfigurationList = 8E678BDF288ED95700220F2C /* Build configuration list for PBXNativeTarget "RepoPop" */;
			buildPhases = (
				8E678BC7288ED95200220F2C /* Sources */,
				8E678BC8288ED95200220F2C /* Frameworks */,
				8E678BC9288ED95200220F2C /* Resources */,
			);
			buildRules = (
			);
			dependencies = (
			);
			name = RepoPop;
			packageProductDependencies = (
				8E628EFD29B78934004B0B80 /* RxCocoa */,
				8E628EFF29B78934004B0B80 /* RxRelay */,
				8E628F0129B78934004B0B80 /* RxSwift */,
				8E628F0429B7894C004B0B80 /* TinyConstraints */,
				8E628F0729B7895D004B0B80 /* Kingfisher */,
			);
			productName = popularesJava;
			productReference = 8E678BCB288ED95200220F2C /* RepoPop.app */;
			productType = "com.apple.product-type.application";
		};
/* End PBXNativeTarget section */

/* Begin PBXProject section */
		8E678BC3288ED95200220F2C /* Project object */ = {
			isa = PBXProject;
			attributes = {
				LastSwiftUpdateCheck = 1250;
				LastUpgradeCheck = 1250;
				TargetAttributes = {
					8E678BCA288ED95200220F2C = {
						CreatedOnToolsVersion = 12.5.1;
					};
				};
			};
			buildConfigurationList = 8E678BC6288ED95200220F2C /* Build configuration list for PBXProject "RepoPop" */;
			compatibilityVersion = "Xcode 9.3";
			developmentRegion = en;
			hasScannedForEncodings = 0;
			knownRegions = (
				en,
				Base,
			);
			mainGroup = 8E678BC2288ED95200220F2C;
			packageReferences = (
				8E628EFC29B78934004B0B80 /* XCRemoteSwiftPackageReference "RxSwift" */,
				8E628F0329B7894C004B0B80 /* XCRemoteSwiftPackageReference "TinyConstraints" */,
				8E628F0629B7895D004B0B80 /* XCRemoteSwiftPackageReference "Kingfisher" */,
			);
			productRefGroup = 8E678BCC288ED95200220F2C /* Products */;
			projectDirPath = "";
			projectRoot = "";
			targets = (
				8E678BCA288ED95200220F2C /* RepoPop */,
			);
		};
/* End PBXProject section */

/* Begin PBXResourcesBuildPhase section */
		8E678BC9288ED95200220F2C /* Resources */ = {
			isa = PBXResourcesBuildPhase;
			buildActionMask = 2147483647;
			files = (
				8E678BDB288ED95700220F2C /* LaunchScreen.storyboard in Resources */,
				8E678BD8288ED95700220F2C /* Assets.xcassets in Resources */,
			);
			runOnlyForDeploymentPostprocessing = 0;
		};
/* End PBXResourcesBuildPhase section */

/* Begin PBXSourcesBuildPhase section */
		8E678BC7288ED95200220F2C /* Sources */ = {
			isa = PBXSourcesBuildPhase;
			buildActionMask = 2147483647;
			files = (
				8E628F3B29B8FB66004B0B80 /* CascadeOperator.swift in Sources */,
				8E678BF2288F211600220F2C /* Repository.swift in Sources */,
				8E628F2B29B7C678004B0B80 /* PullRequestsViewModel.swift in Sources */,
				8EB4967028AD093C007FC771 /* RPView.swift in Sources */,
				8E628F3129B7FABD004B0B80 /* AppColors.swift in Sources */,
				8E595AE328A4306300B03421 /* ApiEndpoints.swift in Sources */,
				8E678BD3288ED95200220F2C /* PopularRepositoresViewController.swift in Sources */,
				8E595AE828A560AF00B03421 /* RPErrorView.swift in Sources */,
				8E628F0B29B789AA004B0B80 /* ApiClientProtocol.swift in Sources */,
				8E628F2529B7B2BF004B0B80 /* AppCoordinator.swift in Sources */,
				8EB59D2A28917C040033A4E7 /* PullRequestsCell.swift in Sources */,
				8EB59D3928983D260033A4E7 /* RPLoadingView.swift in Sources */,
				8EB59D2828917BEA0033A4E7 /* PullRequestsView.swift in Sources */,
				8E678BEC288EE44400220F2C /* PopularRepositoriesCell.swift in Sources */,
				8E678BCF288ED95200220F2C /* AppDelegate.swift in Sources */,
				8E628F2029B7A772004B0B80 /* PopularRepositoriesViewModel.swift in Sources */,
				8E628F0D29B78A3F004B0B80 /* RPClient.swift in Sources */,
				8E628F3529B8D399004B0B80 /* Fonts.swift in Sources */,
				8E628F3329B8D326004B0B80 /* TextSize.swift in Sources */,
				8EB59D2C2891AFBD0033A4E7 /* PullRequest.swift in Sources */,
				8E678BE9288EE40D00220F2C /* PopularRepositoriesView.swift in Sources */,
				8E678BD1288ED95200220F2C /* SceneDelegate.swift in Sources */,
				8E628F2E29B7E04C004B0B80 /* SearchViewModel.swift in Sources */,
				8E595AD928A2ED8700B03421 /* SearchView.swift in Sources */,
				8E628F3729B8D49C004B0B80 /* Spacing.swift in Sources */,
				8E628F4129B93B68004B0B80 /* RPButton.swift in Sources */,
				8E628F3F29B9289A004B0B80 /* RPShadowView.swift in Sources */,
				8E595AE128A4258400B03421 /* Endpoint.swift in Sources */,
				8E595ADB28A2EDAC00B03421 /* SearchController.swift in Sources */,
				8E595ADD28A424C400B03421 /* RepositoryErrorState.swift in Sources */,
				8E628F2329B7B2AE004B0B80 /* CoordinatorProtocol.swift in Sources */,
				8E628F2829B7C2EC004B0B80 /* String+Ext.swift in Sources */,
				8EB59D2628917BB10033A4E7 /* PullRequestsViewController.swift in Sources */,
				8EB59D3728983CBF0033A4E7 /* RPViewController.swift in Sources */,
				8E628F1029B78CDA004B0B80 /* RPService.swift in Sources */,
				8E3C5BE42898627300A35B70 /* RPEmptyView.swift in Sources */,
				8E628F4329BB9E5A004B0B80 /* RPDetailsRow.swift in Sources */,
			);
			runOnlyForDeploymentPostprocessing = 0;
		};
/* End PBXSourcesBuildPhase section */

/* Begin PBXVariantGroup section */
		8E678BD9288ED95700220F2C /* LaunchScreen.storyboard */ = {
			isa = PBXVariantGroup;
			children = (
				8E678BDA288ED95700220F2C /* Base */,
			);
			name = LaunchScreen.storyboard;
			sourceTree = "<group>";
		};
/* End PBXVariantGroup section */

/* Begin XCBuildConfiguration section */
		8E678BDD288ED95700220F2C /* Debug */ = {
			isa = XCBuildConfiguration;
			buildSettings = {
				ALWAYS_SEARCH_USER_PATHS = NO;
				CLANG_ANALYZER_NONNULL = YES;
				CLANG_ANALYZER_NUMBER_OBJECT_CONVERSION = YES_AGGRESSIVE;
				CLANG_CXX_LANGUAGE_STANDARD = "gnu++14";
				CLANG_CXX_LIBRARY = "libc++";
				CLANG_ENABLE_MODULES = YES;
				CLANG_ENABLE_OBJC_ARC = YES;
				CLANG_ENABLE_OBJC_WEAK = YES;
				CLANG_WARN_BLOCK_CAPTURE_AUTORELEASING = YES;
				CLANG_WARN_BOOL_CONVERSION = YES;
				CLANG_WARN_COMMA = YES;
				CLANG_WARN_CONSTANT_CONVERSION = YES;
				CLANG_WARN_DEPRECATED_OBJC_IMPLEMENTATIONS = YES;
				CLANG_WARN_DIRECT_OBJC_ISA_USAGE = YES_ERROR;
				CLANG_WARN_DOCUMENTATION_COMMENTS = YES;
				CLANG_WARN_EMPTY_BODY = YES;
				CLANG_WARN_ENUM_CONVERSION = YES;
				CLANG_WARN_INFINITE_RECURSION = YES;
				CLANG_WARN_INT_CONVERSION = YES;
				CLANG_WARN_NON_LITERAL_NULL_CONVERSION = YES;
				CLANG_WARN_OBJC_IMPLICIT_RETAIN_SELF = YES;
				CLANG_WARN_OBJC_LITERAL_CONVERSION = YES;
				CLANG_WARN_OBJC_ROOT_CLASS = YES_ERROR;
				CLANG_WARN_QUOTED_INCLUDE_IN_FRAMEWORK_HEADER = YES;
				CLANG_WARN_RANGE_LOOP_ANALYSIS = YES;
				CLANG_WARN_STRICT_PROTOTYPES = YES;
				CLANG_WARN_SUSPICIOUS_MOVE = YES;
				CLANG_WARN_UNGUARDED_AVAILABILITY = YES_AGGRESSIVE;
				CLANG_WARN_UNREACHABLE_CODE = YES;
				CLANG_WARN__DUPLICATE_METHOD_MATCH = YES;
				COPY_PHASE_STRIP = NO;
				DEBUG_INFORMATION_FORMAT = dwarf;
				ENABLE_STRICT_OBJC_MSGSEND = YES;
				ENABLE_TESTABILITY = YES;
				GCC_C_LANGUAGE_STANDARD = gnu11;
				GCC_DYNAMIC_NO_PIC = NO;
				GCC_NO_COMMON_BLOCKS = YES;
				GCC_OPTIMIZATION_LEVEL = 0;
				GCC_PREPROCESSOR_DEFINITIONS = (
					"DEBUG=1",
					"$(inherited)",
				);
				GCC_WARN_64_TO_32_BIT_CONVERSION = YES;
				GCC_WARN_ABOUT_RETURN_TYPE = YES_ERROR;
				GCC_WARN_UNDECLARED_SELECTOR = YES;
				GCC_WARN_UNINITIALIZED_AUTOS = YES_AGGRESSIVE;
				GCC_WARN_UNUSED_FUNCTION = YES;
				GCC_WARN_UNUSED_VARIABLE = YES;
				IPHONEOS_DEPLOYMENT_TARGET = 14.5;
				MTL_ENABLE_DEBUG_INFO = INCLUDE_SOURCE;
				MTL_FAST_MATH = YES;
				ONLY_ACTIVE_ARCH = YES;
				SDKROOT = iphoneos;
				SWIFT_ACTIVE_COMPILATION_CONDITIONS = DEBUG;
				SWIFT_OPTIMIZATION_LEVEL = "-Onone";
			};
			name = Debug;
		};
		8E678BDE288ED95700220F2C /* Release */ = {
			isa = XCBuildConfiguration;
			buildSettings = {
				ALWAYS_SEARCH_USER_PATHS = NO;
				CLANG_ANALYZER_NONNULL = YES;
				CLANG_ANALYZER_NUMBER_OBJECT_CONVERSION = YES_AGGRESSIVE;
				CLANG_CXX_LANGUAGE_STANDARD = "gnu++14";
				CLANG_CXX_LIBRARY = "libc++";
				CLANG_ENABLE_MODULES = YES;
				CLANG_ENABLE_OBJC_ARC = YES;
				CLANG_ENABLE_OBJC_WEAK = YES;
				CLANG_WARN_BLOCK_CAPTURE_AUTORELEASING = YES;
				CLANG_WARN_BOOL_CONVERSION = YES;
				CLANG_WARN_COMMA = YES;
				CLANG_WARN_CONSTANT_CONVERSION = YES;
				CLANG_WARN_DEPRECATED_OBJC_IMPLEMENTATIONS = YES;
				CLANG_WARN_DIRECT_OBJC_ISA_USAGE = YES_ERROR;
				CLANG_WARN_DOCUMENTATION_COMMENTS = YES;
				CLANG_WARN_EMPTY_BODY = YES;
				CLANG_WARN_ENUM_CONVERSION = YES;
				CLANG_WARN_INFINITE_RECURSION = YES;
				CLANG_WARN_INT_CONVERSION = YES;
				CLANG_WARN_NON_LITERAL_NULL_CONVERSION = YES;
				CLANG_WARN_OBJC_IMPLICIT_RETAIN_SELF = YES;
				CLANG_WARN_OBJC_LITERAL_CONVERSION = YES;
				CLANG_WARN_OBJC_ROOT_CLASS = YES_ERROR;
				CLANG_WARN_QUOTED_INCLUDE_IN_FRAMEWORK_HEADER = YES;
				CLANG_WARN_RANGE_LOOP_ANALYSIS = YES;
				CLANG_WARN_STRICT_PROTOTYPES = YES;
				CLANG_WARN_SUSPICIOUS_MOVE = YES;
				CLANG_WARN_UNGUARDED_AVAILABILITY = YES_AGGRESSIVE;
				CLANG_WARN_UNREACHABLE_CODE = YES;
				CLANG_WARN__DUPLICATE_METHOD_MATCH = YES;
				COPY_PHASE_STRIP = NO;
				DEBUG_INFORMATION_FORMAT = "dwarf-with-dsym";
				ENABLE_NS_ASSERTIONS = NO;
				ENABLE_STRICT_OBJC_MSGSEND = YES;
				GCC_C_LANGUAGE_STANDARD = gnu11;
				GCC_NO_COMMON_BLOCKS = YES;
				GCC_WARN_64_TO_32_BIT_CONVERSION = YES;
				GCC_WARN_ABOUT_RETURN_TYPE = YES_ERROR;
				GCC_WARN_UNDECLARED_SELECTOR = YES;
				GCC_WARN_UNINITIALIZED_AUTOS = YES_AGGRESSIVE;
				GCC_WARN_UNUSED_FUNCTION = YES;
				GCC_WARN_UNUSED_VARIABLE = YES;
				IPHONEOS_DEPLOYMENT_TARGET = 14.5;
				MTL_ENABLE_DEBUG_INFO = NO;
				MTL_FAST_MATH = YES;
				SDKROOT = iphoneos;
				SWIFT_COMPILATION_MODE = wholemodule;
				SWIFT_OPTIMIZATION_LEVEL = "-O";
				VALIDATE_PRODUCT = YES;
			};
			name = Release;
		};
		8E678BE0288ED95700220F2C /* Debug */ = {
			isa = XCBuildConfiguration;
			buildSettings = {
				ASSETCATALOG_COMPILER_APPICON_NAME = AppIcon;
				ASSETCATALOG_COMPILER_GLOBAL_ACCENT_COLOR_NAME = AccentColor;
				CODE_SIGN_STYLE = Automatic;
				DEVELOPMENT_TEAM = 53NF9GSNZX;
				INFOPLIST_FILE = RepoPop/Info.plist;
				LD_RUNPATH_SEARCH_PATHS = (
					"$(inherited)",
					"@executable_path/Frameworks",
				);
				PRODUCT_BUNDLE_IDENTIFIER = com.angealalves.repopop;
				PRODUCT_NAME = "$(TARGET_NAME)";
				SWIFT_VERSION = 5.0;
				TARGETED_DEVICE_FAMILY = "1,2";
			};
			name = Debug;
		};
		8E678BE1288ED95700220F2C /* Release */ = {
			isa = XCBuildConfiguration;
			buildSettings = {
				ASSETCATALOG_COMPILER_APPICON_NAME = AppIcon;
				ASSETCATALOG_COMPILER_GLOBAL_ACCENT_COLOR_NAME = AccentColor;
				CODE_SIGN_STYLE = Automatic;
				DEVELOPMENT_TEAM = 53NF9GSNZX;
				INFOPLIST_FILE = RepoPop/Info.plist;
				LD_RUNPATH_SEARCH_PATHS = (
					"$(inherited)",
					"@executable_path/Frameworks",
				);
				PRODUCT_BUNDLE_IDENTIFIER = com.angealalves.repopop;
				PRODUCT_NAME = "$(TARGET_NAME)";
				SWIFT_VERSION = 5.0;
				TARGETED_DEVICE_FAMILY = "1,2";
			};
			name = Release;
		};
/* End XCBuildConfiguration section */

/* Begin XCConfigurationList section */
		8E678BC6288ED95200220F2C /* Build configuration list for PBXProject "RepoPop" */ = {
			isa = XCConfigurationList;
			buildConfigurations = (
				8E678BDD288ED95700220F2C /* Debug */,
				8E678BDE288ED95700220F2C /* Release */,
			);
			defaultConfigurationIsVisible = 0;
			defaultConfigurationName = Release;
		};
		8E678BDF288ED95700220F2C /* Build configuration list for PBXNativeTarget "RepoPop" */ = {
			isa = XCConfigurationList;
			buildConfigurations = (
				8E678BE0288ED95700220F2C /* Debug */,
				8E678BE1288ED95700220F2C /* Release */,
			);
			defaultConfigurationIsVisible = 0;
			defaultConfigurationName = Release;
		};
/* End XCConfigurationList section */

/* Begin XCRemoteSwiftPackageReference section */
		8E628EFC29B78934004B0B80 /* XCRemoteSwiftPackageReference "RxSwift" */ = {
			isa = XCRemoteSwiftPackageReference;
			repositoryURL = "https://github.com/ReactiveX/RxSwift";
			requirement = {
				kind = upToNextMajorVersion;
				minimumVersion = 6.0.0;
			};
		};
		8E628F0329B7894C004B0B80 /* XCRemoteSwiftPackageReference "TinyConstraints" */ = {
			isa = XCRemoteSwiftPackageReference;
			repositoryURL = "https://github.com/roberthein/TinyConstraints";
			requirement = {
				kind = upToNextMajorVersion;
				minimumVersion = 4.0.0;
			};
		};
		8E628F0629B7895D004B0B80 /* XCRemoteSwiftPackageReference "Kingfisher" */ = {
			isa = XCRemoteSwiftPackageReference;
			repositoryURL = "https://github.com/onevcat/Kingfisher";
			requirement = {
				kind = upToNextMajorVersion;
				minimumVersion = 7.0.0;
			};
		};
/* End XCRemoteSwiftPackageReference section */

/* Begin XCSwiftPackageProductDependency section */
		8E628EFD29B78934004B0B80 /* RxCocoa */ = {
			isa = XCSwiftPackageProductDependency;
			package = 8E628EFC29B78934004B0B80 /* XCRemoteSwiftPackageReference "RxSwift" */;
			productName = RxCocoa;
		};
		8E628EFF29B78934004B0B80 /* RxRelay */ = {
			isa = XCSwiftPackageProductDependency;
			package = 8E628EFC29B78934004B0B80 /* XCRemoteSwiftPackageReference "RxSwift" */;
			productName = RxRelay;
		};
		8E628F0129B78934004B0B80 /* RxSwift */ = {
			isa = XCSwiftPackageProductDependency;
			package = 8E628EFC29B78934004B0B80 /* XCRemoteSwiftPackageReference "RxSwift" */;
			productName = RxSwift;
		};
		8E628F0429B7894C004B0B80 /* TinyConstraints */ = {
			isa = XCSwiftPackageProductDependency;
			package = 8E628F0329B7894C004B0B80 /* XCRemoteSwiftPackageReference "TinyConstraints" */;
			productName = TinyConstraints;
		};
		8E628F0729B7895D004B0B80 /* Kingfisher */ = {
			isa = XCSwiftPackageProductDependency;
			package = 8E628F0629B7895D004B0B80 /* XCRemoteSwiftPackageReference "Kingfisher" */;
			productName = Kingfisher;
		};
/* End XCSwiftPackageProductDependency section */
	};
	rootObject = 8E678BC3288ED95200220F2C /* Project object */;
}
