// !$*UTF8*$!
{
	archiveVersion = 1;
	classes = {
	};
	objectVersion = 50;
	objects = {

/* Begin PBXBuildFile section */
		8E3C5BE42898627300A35B70 /* JPEmptyView.swift in Sources */ = {isa = PBXBuildFile; fileRef = 8E3C5BE32898627200A35B70 /* JPEmptyView.swift */; };
		8E678BCF288ED95200220F2C /* AppDelegate.swift in Sources */ = {isa = PBXBuildFile; fileRef = 8E678BCE288ED95200220F2C /* AppDelegate.swift */; };
		8E678BD1288ED95200220F2C /* SceneDelegate.swift in Sources */ = {isa = PBXBuildFile; fileRef = 8E678BD0288ED95200220F2C /* SceneDelegate.swift */; };
		8E678BD3288ED95200220F2C /* PopularRepositoresViewController.swift in Sources */ = {isa = PBXBuildFile; fileRef = 8E678BD2288ED95200220F2C /* PopularRepositoresViewController.swift */; };
		8E678BD8288ED95700220F2C /* Assets.xcassets in Resources */ = {isa = PBXBuildFile; fileRef = 8E678BD7288ED95700220F2C /* Assets.xcassets */; };
		8E678BDB288ED95700220F2C /* LaunchScreen.storyboard in Resources */ = {isa = PBXBuildFile; fileRef = 8E678BD9288ED95700220F2C /* LaunchScreen.storyboard */; };
		8E678BE9288EE40D00220F2C /* PopularRepositoriesView.swift in Sources */ = {isa = PBXBuildFile; fileRef = 8E678BE8288EE40D00220F2C /* PopularRepositoriesView.swift */; };
		8E678BEC288EE44400220F2C /* PopularRepositoriesCell.swift in Sources */ = {isa = PBXBuildFile; fileRef = 8E678BEB288EE44400220F2C /* PopularRepositoriesCell.swift */; };
		8E678BEF288EEA8E00220F2C /* Service.swift in Sources */ = {isa = PBXBuildFile; fileRef = 8E678BEE288EEA8E00220F2C /* Service.swift */; };
		8E678BF2288F211600220F2C /* Repository.swift in Sources */ = {isa = PBXBuildFile; fileRef = 8E678BF1288F211600220F2C /* Repository.swift */; };
		8EB59D2628917BB10033A4E7 /* PullRequestsViewController.swift in Sources */ = {isa = PBXBuildFile; fileRef = 8EB59D2528917BB10033A4E7 /* PullRequestsViewController.swift */; };
		8EB59D2828917BEA0033A4E7 /* PullRequestsView.swift in Sources */ = {isa = PBXBuildFile; fileRef = 8EB59D2728917BEA0033A4E7 /* PullRequestsView.swift */; };
		8EB59D2A28917C040033A4E7 /* PullRequestsCell.swift in Sources */ = {isa = PBXBuildFile; fileRef = 8EB59D2928917C040033A4E7 /* PullRequestsCell.swift */; };
		8EB59D2C2891AFBD0033A4E7 /* PullRequest.swift in Sources */ = {isa = PBXBuildFile; fileRef = 8EB59D2B2891AFBD0033A4E7 /* PullRequest.swift */; };
		8EB59D3728983CBF0033A4E7 /* JPViewController.swift in Sources */ = {isa = PBXBuildFile; fileRef = 8EB59D3628983CBF0033A4E7 /* JPViewController.swift */; };
		8EB59D3928983D260033A4E7 /* JPLoadingView.swift in Sources */ = {isa = PBXBuildFile; fileRef = 8EB59D3828983D260033A4E7 /* JPLoadingView.swift */; };
/* End PBXBuildFile section */

/* Begin PBXFileReference section */
		8E3C5BE32898627200A35B70 /* JPEmptyView.swift */ = {isa = PBXFileReference; lastKnownFileType = sourcecode.swift; path = JPEmptyView.swift; sourceTree = "<group>"; };
		8E678BCB288ED95200220F2C /* popularesJava.app */ = {isa = PBXFileReference; explicitFileType = wrapper.application; includeInIndex = 0; path = popularesJava.app; sourceTree = BUILT_PRODUCTS_DIR; };
		8E678BCE288ED95200220F2C /* AppDelegate.swift */ = {isa = PBXFileReference; lastKnownFileType = sourcecode.swift; path = AppDelegate.swift; sourceTree = "<group>"; };
		8E678BD0288ED95200220F2C /* SceneDelegate.swift */ = {isa = PBXFileReference; lastKnownFileType = sourcecode.swift; path = SceneDelegate.swift; sourceTree = "<group>"; };
		8E678BD2288ED95200220F2C /* PopularRepositoresViewController.swift */ = {isa = PBXFileReference; lastKnownFileType = sourcecode.swift; path = PopularRepositoresViewController.swift; sourceTree = "<group>"; };
		8E678BD7288ED95700220F2C /* Assets.xcassets */ = {isa = PBXFileReference; lastKnownFileType = folder.assetcatalog; path = Assets.xcassets; sourceTree = "<group>"; };
		8E678BDA288ED95700220F2C /* Base */ = {isa = PBXFileReference; lastKnownFileType = file.storyboard; name = Base; path = Base.lproj/LaunchScreen.storyboard; sourceTree = "<group>"; };
		8E678BDC288ED95700220F2C /* Info.plist */ = {isa = PBXFileReference; lastKnownFileType = text.plist.xml; path = Info.plist; sourceTree = "<group>"; };
		8E678BE8288EE40D00220F2C /* PopularRepositoriesView.swift */ = {isa = PBXFileReference; lastKnownFileType = sourcecode.swift; path = PopularRepositoriesView.swift; sourceTree = "<group>"; };
		8E678BEB288EE44400220F2C /* PopularRepositoriesCell.swift */ = {isa = PBXFileReference; lastKnownFileType = sourcecode.swift; path = PopularRepositoriesCell.swift; sourceTree = "<group>"; };
		8E678BEE288EEA8E00220F2C /* Service.swift */ = {isa = PBXFileReference; lastKnownFileType = sourcecode.swift; path = Service.swift; sourceTree = "<group>"; };
		8E678BF1288F211600220F2C /* Repository.swift */ = {isa = PBXFileReference; lastKnownFileType = sourcecode.swift; path = Repository.swift; sourceTree = "<group>"; };
		8EB59D2528917BB10033A4E7 /* PullRequestsViewController.swift */ = {isa = PBXFileReference; lastKnownFileType = sourcecode.swift; path = PullRequestsViewController.swift; sourceTree = "<group>"; };
		8EB59D2728917BEA0033A4E7 /* PullRequestsView.swift */ = {isa = PBXFileReference; lastKnownFileType = sourcecode.swift; path = PullRequestsView.swift; sourceTree = "<group>"; };
		8EB59D2928917C040033A4E7 /* PullRequestsCell.swift */ = {isa = PBXFileReference; lastKnownFileType = sourcecode.swift; path = PullRequestsCell.swift; sourceTree = "<group>"; };
		8EB59D2B2891AFBD0033A4E7 /* PullRequest.swift */ = {isa = PBXFileReference; lastKnownFileType = sourcecode.swift; path = PullRequest.swift; sourceTree = "<group>"; };
		8EB59D3628983CBF0033A4E7 /* JPViewController.swift */ = {isa = PBXFileReference; lastKnownFileType = sourcecode.swift; path = JPViewController.swift; sourceTree = "<group>"; };
		8EB59D3828983D260033A4E7 /* JPLoadingView.swift */ = {isa = PBXFileReference; lastKnownFileType = sourcecode.swift; path = JPLoadingView.swift; sourceTree = "<group>"; };
/* End PBXFileReference section */

/* Begin PBXFrameworksBuildPhase section */
		8E678BC8288ED95200220F2C /* Frameworks */ = {
			isa = PBXFrameworksBuildPhase;
			buildActionMask = 2147483647;
			files = (
			);
			runOnlyForDeploymentPostprocessing = 0;
		};
/* End PBXFrameworksBuildPhase section */

/* Begin PBXGroup section */
		8E678BC2288ED95200220F2C = {
			isa = PBXGroup;
			children = (
				8E678BCD288ED95200220F2C /* popularesJava */,
				8E678BCC288ED95200220F2C /* Products */,
			);
			sourceTree = "<group>";
		};
		8E678BCC288ED95200220F2C /* Products */ = {
			isa = PBXGroup;
			children = (
				8E678BCB288ED95200220F2C /* popularesJava.app */,
			);
			name = Products;
			sourceTree = "<group>";
		};
		8E678BCD288ED95200220F2C /* popularesJava */ = {
			isa = PBXGroup;
			children = (
				8E678BED288EEA8000220F2C /* Data */,
				8E678BE4288EDA6300220F2C /* Sources */,
				8E678BE3288EDA0C00220F2C /* Config */,
				8E678BE2288ED9E200220F2C /* Resources */,
				8E678BDC288ED95700220F2C /* Info.plist */,
			);
			path = popularesJava;
			sourceTree = "<group>";
		};
		8E678BE2288ED9E200220F2C /* Resources */ = {
			isa = PBXGroup;
			children = (
				8E678BD7288ED95700220F2C /* Assets.xcassets */,
			);
			path = Resources;
			sourceTree = "<group>";
		};
		8E678BE3288EDA0C00220F2C /* Config */ = {
			isa = PBXGroup;
			children = (
				8E678BCE288ED95200220F2C /* AppDelegate.swift */,
				8E678BD9288ED95700220F2C /* LaunchScreen.storyboard */,
				8E678BD0288ED95200220F2C /* SceneDelegate.swift */,
			);
			path = Config;
			sourceTree = "<group>";
		};
		8E678BE4288EDA6300220F2C /* Sources */ = {
			isa = PBXGroup;
			children = (
				8E678BF0288F210000220F2C /* Common */,
				8E678BE5288EDA7400220F2C /* Presentation */,
			);
			path = Sources;
			sourceTree = "<group>";
		};
		8E678BE5288EDA7400220F2C /* Presentation */ = {
			isa = PBXGroup;
			children = (
				8E678BEA288EE43000220F2C /* Cells */,
				8E678BE7288EE3BC00220F2C /* Views */,
				8E678BE6288EDA8000220F2C /* Controllers */,
			);
			path = Presentation;
			sourceTree = "<group>";
		};
		8E678BE6288EDA8000220F2C /* Controllers */ = {
			isa = PBXGroup;
			children = (
				8E678BD2288ED95200220F2C /* PopularRepositoresViewController.swift */,
				8EB59D2528917BB10033A4E7 /* PullRequestsViewController.swift */,
			);
			path = Controllers;
			sourceTree = "<group>";
		};
		8E678BE7288EE3BC00220F2C /* Views */ = {
			isa = PBXGroup;
			children = (
				8E678BE8288EE40D00220F2C /* PopularRepositoriesView.swift */,
				8EB59D2728917BEA0033A4E7 /* PullRequestsView.swift */,
			);
			path = Views;
			sourceTree = "<group>";
		};
		8E678BEA288EE43000220F2C /* Cells */ = {
			isa = PBXGroup;
			children = (
				8E678BEB288EE44400220F2C /* PopularRepositoriesCell.swift */,
				8EB59D2928917C040033A4E7 /* PullRequestsCell.swift */,
			);
			path = Cells;
			sourceTree = "<group>";
		};
		8E678BED288EEA8000220F2C /* Data */ = {
			isa = PBXGroup;
			children = (
				8E678BEE288EEA8E00220F2C /* Service.swift */,
			);
			path = Data;
			sourceTree = "<group>";
		};
		8E678BF0288F210000220F2C /* Common */ = {
			isa = PBXGroup;
			children = (
				8EB59D3528983CA60033A4E7 /* Components */,
				8E678BF1288F211600220F2C /* Repository.swift */,
				8EB59D2B2891AFBD0033A4E7 /* PullRequest.swift */,
			);
			path = Common;
			sourceTree = "<group>";
		};
		8EB59D3528983CA60033A4E7 /* Components */ = {
			isa = PBXGroup;
			children = (
				8EB59D3628983CBF0033A4E7 /* JPViewController.swift */,
				8E3C5BE32898627200A35B70 /* JPEmptyView.swift */,
				8EB59D3828983D260033A4E7 /* JPLoadingView.swift */,
			);
			path = Components;
			sourceTree = "<group>";
		};
/* End PBXGroup section */

/* Begin PBXNativeTarget section */
		8E678BCA288ED95200220F2C /* popularesJava */ = {
			isa = PBXNativeTarget;
			buildConfigurationList = 8E678BDF288ED95700220F2C /* Build configuration list for PBXNativeTarget "popularesJava" */;
			buildPhases = (
				8E678BC7288ED95200220F2C /* Sources */,
				8E678BC8288ED95200220F2C /* Frameworks */,
				8E678BC9288ED95200220F2C /* Resources */,
			);
			buildRules = (
			);
			dependencies = (
			);
			name = popularesJava;
			productName = popularesJava;
			productReference = 8E678BCB288ED95200220F2C /* popularesJava.app */;
			productType = "com.apple.product-type.application";
		};
/* End PBXNativeTarget section */

/* Begin PBXProject section */
		8E678BC3288ED95200220F2C /* Project object */ = {
			isa = PBXProject;
			attributes = {
				LastSwiftUpdateCheck = 1250;
				LastUpgradeCheck = 1250;
				TargetAttributes = {
					8E678BCA288ED95200220F2C = {
						CreatedOnToolsVersion = 12.5.1;
					};
				};
			};
			buildConfigurationList = 8E678BC6288ED95200220F2C /* Build configuration list for PBXProject "popularesJava" */;
			compatibilityVersion = "Xcode 9.3";
			developmentRegion = en;
			hasScannedForEncodings = 0;
			knownRegions = (
				en,
				Base,
			);
			mainGroup = 8E678BC2288ED95200220F2C;
			productRefGroup = 8E678BCC288ED95200220F2C /* Products */;
			projectDirPath = "";
			projectRoot = "";
			targets = (
				8E678BCA288ED95200220F2C /* popularesJava */,
			);
		};
/* End PBXProject section */

/* Begin PBXResourcesBuildPhase section */
		8E678BC9288ED95200220F2C /* Resources */ = {
			isa = PBXResourcesBuildPhase;
			buildActionMask = 2147483647;
			files = (
				8E678BDB288ED95700220F2C /* LaunchScreen.storyboard in Resources */,
				8E678BD8288ED95700220F2C /* Assets.xcassets in Resources */,
			);
			runOnlyForDeploymentPostprocessing = 0;
		};
/* End PBXResourcesBuildPhase section */

/* Begin PBXSourcesBuildPhase section */
		8E678BC7288ED95200220F2C /* Sources */ = {
			isa = PBXSourcesBuildPhase;
			buildActionMask = 2147483647;
			files = (
				8E678BF2288F211600220F2C /* Repository.swift in Sources */,
				8E678BD3288ED95200220F2C /* PopularRepositoresViewController.swift in Sources */,
				8EB59D2A28917C040033A4E7 /* PullRequestsCell.swift in Sources */,
				8EB59D3928983D260033A4E7 /* JPLoadingView.swift in Sources */,
				8EB59D2828917BEA0033A4E7 /* PullRequestsView.swift in Sources */,
				8E678BEC288EE44400220F2C /* PopularRepositoriesCell.swift in Sources */,
				8E678BCF288ED95200220F2C /* AppDelegate.swift in Sources */,
				8EB59D2C2891AFBD0033A4E7 /* PullRequest.swift in Sources */,
				8E678BE9288EE40D00220F2C /* PopularRepositoriesView.swift in Sources */,
				8E678BD1288ED95200220F2C /* SceneDelegate.swift in Sources */,
				8EB59D2628917BB10033A4E7 /* PullRequestsViewController.swift in Sources */,
				8EB59D3728983CBF0033A4E7 /* JPViewController.swift in Sources */,
				8E3C5BE42898627300A35B70 /* JPEmptyView.swift in Sources */,
				8E678BEF288EEA8E00220F2C /* Service.swift in Sources */,
			);
			runOnlyForDeploymentPostprocessing = 0;
		};
/* End PBXSourcesBuildPhase section */

/* Begin PBXVariantGroup section */
		8E678BD9288ED95700220F2C /* LaunchScreen.storyboard */ = {
			isa = PBXVariantGroup;
			children = (
				8E678BDA288ED95700220F2C /* Base */,
			);
			name = LaunchScreen.storyboard;
			sourceTree = "<group>";
		};
/* End PBXVariantGroup section */

/* Begin XCBuildConfiguration section */
		8E678BDD288ED95700220F2C /* Debug */ = {
			isa = XCBuildConfiguration;
			buildSettings = {
				ALWAYS_SEARCH_USER_PATHS = NO;
				CLANG_ANALYZER_NONNULL = YES;
				CLANG_ANALYZER_NUMBER_OBJECT_CONVERSION = YES_AGGRESSIVE;
				CLANG_CXX_LANGUAGE_STANDARD = "gnu++14";
				CLANG_CXX_LIBRARY = "libc++";
				CLANG_ENABLE_MODULES = YES;
				CLANG_ENABLE_OBJC_ARC = YES;
				CLANG_ENABLE_OBJC_WEAK = YES;
				CLANG_WARN_BLOCK_CAPTURE_AUTORELEASING = YES;
				CLANG_WARN_BOOL_CONVERSION = YES;
				CLANG_WARN_COMMA = YES;
				CLANG_WARN_CONSTANT_CONVERSION = YES;
				CLANG_WARN_DEPRECATED_OBJC_IMPLEMENTATIONS = YES;
				CLANG_WARN_DIRECT_OBJC_ISA_USAGE = YES_ERROR;
				CLANG_WARN_DOCUMENTATION_COMMENTS = YES;
				CLANG_WARN_EMPTY_BODY = YES;
				CLANG_WARN_ENUM_CONVERSION = YES;
				CLANG_WARN_INFINITE_RECURSION = YES;
				CLANG_WARN_INT_CONVERSION = YES;
				CLANG_WARN_NON_LITERAL_NULL_CONVERSION = YES;
				CLANG_WARN_OBJC_IMPLICIT_RETAIN_SELF = YES;
				CLANG_WARN_OBJC_LITERAL_CONVERSION = YES;
				CLANG_WARN_OBJC_ROOT_CLASS = YES_ERROR;
				CLANG_WARN_QUOTED_INCLUDE_IN_FRAMEWORK_HEADER = YES;
				CLANG_WARN_RANGE_LOOP_ANALYSIS = YES;
				CLANG_WARN_STRICT_PROTOTYPES = YES;
				CLANG_WARN_SUSPICIOUS_MOVE = YES;
				CLANG_WARN_UNGUARDED_AVAILABILITY = YES_AGGRESSIVE;
				CLANG_WARN_UNREACHABLE_CODE = YES;
				CLANG_WARN__DUPLICATE_METHOD_MATCH = YES;
				COPY_PHASE_STRIP = NO;
				DEBUG_INFORMATION_FORMAT = dwarf;
				ENABLE_STRICT_OBJC_MSGSEND = YES;
				ENABLE_TESTABILITY = YES;
				GCC_C_LANGUAGE_STANDARD = gnu11;
				GCC_DYNAMIC_NO_PIC = NO;
				GCC_NO_COMMON_BLOCKS = YES;
				GCC_OPTIMIZATION_LEVEL = 0;
				GCC_PREPROCESSOR_DEFINITIONS = (
					"DEBUG=1",
					"$(inherited)",
				);
				GCC_WARN_64_TO_32_BIT_CONVERSION = YES;
				GCC_WARN_ABOUT_RETURN_TYPE = YES_ERROR;
				GCC_WARN_UNDECLARED_SELECTOR = YES;
				GCC_WARN_UNINITIALIZED_AUTOS = YES_AGGRESSIVE;
				GCC_WARN_UNUSED_FUNCTION = YES;
				GCC_WARN_UNUSED_VARIABLE = YES;
				IPHONEOS_DEPLOYMENT_TARGET = 14.5;
				MTL_ENABLE_DEBUG_INFO = INCLUDE_SOURCE;
				MTL_FAST_MATH = YES;
				ONLY_ACTIVE_ARCH = YES;
				SDKROOT = iphoneos;
				SWIFT_ACTIVE_COMPILATION_CONDITIONS = DEBUG;
				SWIFT_OPTIMIZATION_LEVEL = "-Onone";
			};
			name = Debug;
		};
		8E678BDE288ED95700220F2C /* Release */ = {
			isa = XCBuildConfiguration;
			buildSettings = {
				ALWAYS_SEARCH_USER_PATHS = NO;
				CLANG_ANALYZER_NONNULL = YES;
				CLANG_ANALYZER_NUMBER_OBJECT_CONVERSION = YES_AGGRESSIVE;
				CLANG_CXX_LANGUAGE_STANDARD = "gnu++14";
				CLANG_CXX_LIBRARY = "libc++";
				CLANG_ENABLE_MODULES = YES;
				CLANG_ENABLE_OBJC_ARC = YES;
				CLANG_ENABLE_OBJC_WEAK = YES;
				CLANG_WARN_BLOCK_CAPTURE_AUTORELEASING = YES;
				CLANG_WARN_BOOL_CONVERSION = YES;
				CLANG_WARN_COMMA = YES;
				CLANG_WARN_CONSTANT_CONVERSION = YES;
				CLANG_WARN_DEPRECATED_OBJC_IMPLEMENTATIONS = YES;
				CLANG_WARN_DIRECT_OBJC_ISA_USAGE = YES_ERROR;
				CLANG_WARN_DOCUMENTATION_COMMENTS = YES;
				CLANG_WARN_EMPTY_BODY = YES;
				CLANG_WARN_ENUM_CONVERSION = YES;
				CLANG_WARN_INFINITE_RECURSION = YES;
				CLANG_WARN_INT_CONVERSION = YES;
				CLANG_WARN_NON_LITERAL_NULL_CONVERSION = YES;
				CLANG_WARN_OBJC_IMPLICIT_RETAIN_SELF = YES;
				CLANG_WARN_OBJC_LITERAL_CONVERSION = YES;
				CLANG_WARN_OBJC_ROOT_CLASS = YES_ERROR;
				CLANG_WARN_QUOTED_INCLUDE_IN_FRAMEWORK_HEADER = YES;
				CLANG_WARN_RANGE_LOOP_ANALYSIS = YES;
				CLANG_WARN_STRICT_PROTOTYPES = YES;
				CLANG_WARN_SUSPICIOUS_MOVE = YES;
				CLANG_WARN_UNGUARDED_AVAILABILITY = YES_AGGRESSIVE;
				CLANG_WARN_UNREACHABLE_CODE = YES;
				CLANG_WARN__DUPLICATE_METHOD_MATCH = YES;
				COPY_PHASE_STRIP = NO;
				DEBUG_INFORMATION_FORMAT = "dwarf-with-dsym";
				ENABLE_NS_ASSERTIONS = NO;
				ENABLE_STRICT_OBJC_MSGSEND = YES;
				GCC_C_LANGUAGE_STANDARD = gnu11;
				GCC_NO_COMMON_BLOCKS = YES;
				GCC_WARN_64_TO_32_BIT_CONVERSION = YES;
				GCC_WARN_ABOUT_RETURN_TYPE = YES_ERROR;
				GCC_WARN_UNDECLARED_SELECTOR = YES;
				GCC_WARN_UNINITIALIZED_AUTOS = YES_AGGRESSIVE;
				GCC_WARN_UNUSED_FUNCTION = YES;
				GCC_WARN_UNUSED_VARIABLE = YES;
				IPHONEOS_DEPLOYMENT_TARGET = 14.5;
				MTL_ENABLE_DEBUG_INFO = NO;
				MTL_FAST_MATH = YES;
				SDKROOT = iphoneos;
				SWIFT_COMPILATION_MODE = wholemodule;
				SWIFT_OPTIMIZATION_LEVEL = "-O";
				VALIDATE_PRODUCT = YES;
			};
			name = Release;
		};
		8E678BE0288ED95700220F2C /* Debug */ = {
			isa = XCBuildConfiguration;
			buildSettings = {
				ASSETCATALOG_COMPILER_APPICON_NAME = AppIcon;
				ASSETCATALOG_COMPILER_GLOBAL_ACCENT_COLOR_NAME = AccentColor;
				CODE_SIGN_STYLE = Automatic;
				DEVELOPMENT_TEAM = 53NF9GSNZX;
				INFOPLIST_FILE = popularesJava/Info.plist;
				LD_RUNPATH_SEARCH_PATHS = (
					"$(inherited)",
					"@executable_path/Frameworks",
				);
				PRODUCT_BUNDLE_IDENTIFIER = com.angealalves.popularesJava;
				PRODUCT_NAME = "$(TARGET_NAME)";
				SWIFT_VERSION = 5.0;
				TARGETED_DEVICE_FAMILY = "1,2";
			};
			name = Debug;
		};
		8E678BE1288ED95700220F2C /* Release */ = {
			isa = XCBuildConfiguration;
			buildSettings = {
				ASSETCATALOG_COMPILER_APPICON_NAME = AppIcon;
				ASSETCATALOG_COMPILER_GLOBAL_ACCENT_COLOR_NAME = AccentColor;
				CODE_SIGN_STYLE = Automatic;
				DEVELOPMENT_TEAM = 53NF9GSNZX;
				INFOPLIST_FILE = popularesJava/Info.plist;
				LD_RUNPATH_SEARCH_PATHS = (
					"$(inherited)",
					"@executable_path/Frameworks",
				);
				PRODUCT_BUNDLE_IDENTIFIER = com.angealalves.popularesJava;
				PRODUCT_NAME = "$(TARGET_NAME)";
				SWIFT_VERSION = 5.0;
				TARGETED_DEVICE_FAMILY = "1,2";
			};
			name = Release;
		};
/* End XCBuildConfiguration section */

/* Begin XCConfigurationList section */
		8E678BC6288ED95200220F2C /* Build configuration list for PBXProject "popularesJava" */ = {
			isa = XCConfigurationList;
			buildConfigurations = (
				8E678BDD288ED95700220F2C /* Debug */,
				8E678BDE288ED95700220F2C /* Release */,
			);
			defaultConfigurationIsVisible = 0;
			defaultConfigurationName = Release;
		};
		8E678BDF288ED95700220F2C /* Build configuration list for PBXNativeTarget "popularesJava" */ = {
			isa = XCConfigurationList;
			buildConfigurations = (
				8E678BE0288ED95700220F2C /* Debug */,
				8E678BE1288ED95700220F2C /* Release */,
			);
			defaultConfigurationIsVisible = 0;
			defaultConfigurationName = Release;
		};
/* End XCConfigurationList section */
	};
	rootObject = 8E678BC3288ED95200220F2C /* Project object */;
}
